
Microsoft Visual Studio Solution File, Format Version 12.00
# Visual Studio Version 16
VisualStudioVersion = 16.0.28803.202
MinimumVisualStudioVersion = 10.0.40219.1
Project("{FAE04EC0-301F-11D3-BF4B-00C04F79EFBC}") = "EntityFrameworkTest", "EntityFrameworkTest\EntityFrameworkTest.csproj", "{064BC7AE-777F-4C9B-BCAD-220F57349895}"
EndProject
Global
	GlobalSection(SolutionConfigurationPlatforms) = preSolution
		Debug|Any CPU = Debug|Any CPU
		Release|Any CPU = Release|Any CPU
	EndGlobalSection
	GlobalSection(ProjectConfigurationPlatforms) = postSolution
		{064BC7AE-777F-4C9B-BCAD-220F57349895}.Debug|Any CPU.ActiveCfg = Debug|Any CPU
		{064BC7AE-777F-4C9B-BCAD-220F57349895}.Debug|Any CPU.Build.0 = Debug|Any CPU
		{064BC7AE-777F-4C9B-BCAD-220F57349895}.Release|Any CPU.ActiveCfg = Release|Any CPU
		{064BC7AE-777F-4C9B-BCAD-220F57349895}.Release|Any CPU.Build.0 = Release|Any CPU
	EndGlobalSection
	GlobalSection(SolutionProperties) = preSolution
		HideSolutionNode = FALSE
	EndGlobalSection
	GlobalSection(ExtensibilityGlobals) = postSolution
		SolutionGuid = {2D24E31E-50CC-4F0D-988C-6B140680F854}
	EndGlobalSection
EndGlobal
